
Microsoft Visual Studio Solution File, Format Version 12.00
# Visual Studio Version 16
VisualStudioVersion = 16.0.29102.190
MinimumVisualStudioVersion = 10.0.40219.1
Project("{9A19103F-16F7-4668-BE54-9A1E7A4F7556}") = "Csv2Flowjo", "Csv2Flowjo.csproj", "{EDEA24B6-FAC6-41B0-80AB-A7C99C61F112}"
EndProject
Global
	GlobalSection(SolutionConfigurationPlatforms) = preSolution
		Debug|Any CPU = Debug|Any CPU
		Release|Any CPU = Release|Any CPU
	EndGlobalSection
	GlobalSection(ProjectConfigurationPlatforms) = postSolution
		{EDEA24B6-FAC6-41B0-80AB-A7C99C61F112}.Debug|Any CPU.ActiveCfg = Debug|Any CPU
		{EDEA24B6-FAC6-41B0-80AB-A7C99C61F112}.Debug|Any CPU.Build.0 = Debug|Any CPU
		{EDEA24B6-FAC6-41B0-80AB-A7C99C61F112}.Release|Any CPU.ActiveCfg = Release|Any CPU
		{EDEA24B6-FAC6-41B0-80AB-A7C99C61F112}.Release|Any CPU.Build.0 = Release|Any CPU
	EndGlobalSection
	GlobalSection(SolutionProperties) = preSolution
		HideSolutionNode = FALSE
	EndGlobalSection
	GlobalSection(ExtensibilityGlobals) = postSolution
		SolutionGuid = {CD968F53-9A18-4DC0-9048-DFC8F5812167}
	EndGlobalSection
EndGlobal
